
Microsoft Visual Studio Solution File, Format Version 12.00
# Visual Studio Version 17
VisualStudioVersion = 17.0.31903.59
MinimumVisualStudioVersion = 10.0.40219.1
Project("{FAE04EC0-301F-11D3-BF4B-00C04F79EFBC}") = "LmsTracker.Api", "LmsTracker.Api\LmsTracker.Api.csproj", "{18848E13-0FCD-4551-A3B7-BA252052D45F}"
EndProject
Project("{FAE04EC0-301F-11D3-BF4B-00C04F79EFBC}") = "LmsTracker.Api.Tests", "LmsTracker.Api.Tests\LmsTracker.Api.Tests.csproj", "{DE282D47-E7B0-461E-BB5F-43B07F6CE3AD}"
EndProject
Global
	GlobalSection(SolutionConfigurationPlatforms) = preSolution
		Debug|Any CPU = Debug|Any CPU
		Debug|x64 = Debug|x64
		Debug|x86 = Debug|x86
		Release|Any CPU = Release|Any CPU
		Release|x64 = Release|x64
		Release|x86 = Release|x86
	EndGlobalSection
	GlobalSection(ProjectConfigurationPlatforms) = postSolution
		{18848E13-0FCD-4551-A3B7-BA252052D45F}.Debug|Any CPU.ActiveCfg = Debug|Any CPU
		{18848E13-0FCD-4551-A3B7-BA252052D45F}.Debug|Any CPU.Build.0 = Debug|Any CPU
		{18848E13-0FCD-4551-A3B7-BA252052D45F}.Debug|x64.ActiveCfg = Debug|Any CPU
		{18848E13-0FCD-4551-A3B7-BA252052D45F}.Debug|x64.Build.0 = Debug|Any CPU
		{18848E13-0FCD-4551-A3B7-BA252052D45F}.Debug|x86.ActiveCfg = Debug|Any CPU
		{18848E13-0FCD-4551-A3B7-BA252052D45F}.Debug|x86.Build.0 = Debug|Any CPU
		{18848E13-0FCD-4551-A3B7-BA252052D45F}.Release|Any CPU.ActiveCfg = Release|Any CPU
		{18848E13-0FCD-4551-A3B7-BA252052D45F}.Release|Any CPU.Build.0 = Release|Any CPU
		{18848E13-0FCD-4551-A3B7-BA252052D45F}.Release|x64.ActiveCfg = Release|Any CPU
		{18848E13-0FCD-4551-A3B7-BA252052D45F}.Release|x64.Build.0 = Release|Any CPU
		{18848E13-0FCD-4551-A3B7-BA252052D45F}.Release|x86.ActiveCfg = Release|Any CPU
		{18848E13-0FCD-4551-A3B7-BA252052D45F}.Release|x86.Build.0 = Release|Any CPU
		{DE282D47-E7B0-461E-BB5F-43B07F6CE3AD}.Debug|Any CPU.ActiveCfg = Debug|Any CPU
		{DE282D47-E7B0-461E-BB5F-43B07F6CE3AD}.Debug|Any CPU.Build.0 = Debug|Any CPU
		{DE282D47-E7B0-461E-BB5F-43B07F6CE3AD}.Debug|x64.ActiveCfg = Debug|Any CPU
		{DE282D47-E7B0-461E-BB5F-43B07F6CE3AD}.Debug|x64.Build.0 = Debug|Any CPU
		{DE282D47-E7B0-461E-BB5F-43B07F6CE3AD}.Debug|x86.ActiveCfg = Debug|Any CPU
		{DE282D47-E7B0-461E-BB5F-43B07F6CE3AD}.Debug|x86.Build.0 = Debug|Any CPU
		{DE282D47-E7B0-461E-BB5F-43B07F6CE3AD}.Release|Any CPU.ActiveCfg = Release|Any CPU
		{DE282D47-E7B0-461E-BB5F-43B07F6CE3AD}.Release|Any CPU.Build.0 = Release|Any CPU
		{DE282D47-E7B0-461E-BB5F-43B07F6CE3AD}.Release|x64.ActiveCfg = Release|Any CPU
		{DE282D47-E7B0-461E-BB5F-43B07F6CE3AD}.Release|x64.Build.0 = Release|Any CPU
		{DE282D47-E7B0-461E-BB5F-43B07F6CE3AD}.Release|x86.ActiveCfg = Release|Any CPU
		{DE282D47-E7B0-461E-BB5F-43B07F6CE3AD}.Release|x86.Build.0 = Release|Any CPU
	EndGlobalSection
	GlobalSection(SolutionProperties) = preSolution
		HideSolutionNode = FALSE
	EndGlobalSection
EndGlobal
